{
  "name": "pfe-d2f-enseignants",
  "lockfileVersion": 3,
  "requires": true,
  "packages": {
    "": {
      "dependencies": {
        "@ant-design/v5-patch-for-react-19": "^1.0.3"
      }
    },
    "node_modules/@ant-design/v5-patch-for-react-19": {
      "version": "1.0.3",
      "resolved": "https://registry.npmjs.org/@ant-design/v5-patch-for-react-19/-/v5-patch-for-react-19-1.0.3.tgz",
      "integrity": "sha512-iWfZuSUl5kuhqLUw7jJXUQFMMkM7XpW7apmKzQBQHU0cpifYW4A79xIBt9YVO5IBajKpPG5UKP87Ft7Yrw1p/w==",
      "license": "MIT",
      "engines": {
        "node": ">=12.x"
      },
      "peerDependencies": {
        "antd": ">=5.22.6",
        "react": ">=19.0.0",
        "react-dom": ">=19.0.0"
      }
    }
  }
}
